PODS:
  - CameraManager (5.1.3)
  - KSTimeline (0.1.1)
  - PodioKit (2.0.0):
    - PodioKit/Common (= 2.0.0)
  - PodioKit/Common (2.0.0)
  - ProgressHUD (13.6)

DEPENDENCIES:
  - CameraManager (~> 5.1)
  - KSTimeline
  - PodioKit (~> 2.0)
  - ProgressHUD

SPEC REPOS:
  trunk:
    - CameraManager
    - KSTimeline
    - PodioKit
    - ProgressHUD

SPEC CHECKSUMS:
  CameraManager: 73936a52093081ba5e44914e8120ab511360f5d4
  KSTimeline: 41274a842dcd034c72e32330513c75ede6c32815
  PodioKit: 176859750dcfc3002cb51b88e09594d80bbd4a4a
  ProgressHUD: 4bdaa0d2ddf676b23324b199f9facffb5c3a1620

PODFILE CHECKSUM: 401bb1bfd012e2eb1a6622964b178136c1777161

COCOAPODS: 1.9.1
